{
    "_readme": [
        "This file locks the dependencies of your project to a known state",
        "Read more about it at https://getcomposer.org/doc/01-basic-usage.md#composer-lock-the-lock-file",
        "This file is @generated automatically"
    ],
    "content-hash": "8792a7309fbe1902c6b67af2c8593924",
    "packages": [
        {
            "name": "guildframework/mvc",
            "version": "dev-master",
            "source": {
                "type": "git",
                "url": "https://github.com/guildframework/mvc.git",
                "reference": "3f3211deeb868ec546dd54884a86fd724b547171"
            },
            "dist": {
                "type": "zip",
                "url": "https://api.github.com/repos/guildframework/mvc/zipball/3f3211deeb868ec546dd54884a86fd724b547171",
                "reference": "3f3211deeb868ec546dd54884a86fd724b547171",
                "shasum": ""
            },
            "require": {
                "php": ">=5.5"
            },
            "type": "library",
            "autoload": {
                "psr-4": {
                    "Guild\\": "library/"
                }
            },
            "notification-url": "https://packagist.org/downloads/",
            "description": "PHP MVC Framework",
            "keywords": [
                "framework",
                "mvc",
                "php"
            ],
            "time": "2017-07-19 09:35:15"
        }
    ],
    "packages-dev": [],
    "aliases": [],
    "minimum-stability": "dev",
    "stability-flags": {
        "guildframework/mvc": 20
    },
    "prefer-stable": true,
    "prefer-lowest": false,
    "platform": {
        "php": ">=5.5"
    },
    "platform-dev": []
}
